
Microsoft Visual Studio Solution File, Format Version 12.00
# Visual Studio Version 17
VisualStudioVersion = 17.9.34728.123
MinimumVisualStudioVersion = 10.0.40219.1
Project("{9A19103F-16F7-4668-BE54-9A1E7A4F7556}") = "FormationASPNETCore", "FormationASPNETCore\FormationASPNETCore.csproj", "{AC14A9A7-0F0E-4372-AABC-E290775BE88E}"
EndProject
Project("{FAE04EC0-301F-11D3-BF4B-00C04F79EFBC}") = "Tests", "Tests\Tests.csproj", "{89557653-719B-4737-B62F-73421DAE2717}"
EndProject
Project("{FAE04EC0-301F-11D3-BF4B-00C04F79EFBC}") = "ConsoleApp", "ConsoleApp\ConsoleApp.csproj", "{FF929DAB-63AA-4BDE-84ED-8828EB68ED98}"
EndProject
Global
	GlobalSection(SolutionConfigurationPlatforms) = preSolution
		Debug|Any CPU = Debug|Any CPU
		Release|Any CPU = Release|Any CPU
	EndGlobalSection
	GlobalSection(ProjectConfigurationPlatforms) = postSolution
		{AC14A9A7-0F0E-4372-AABC-E290775BE88E}.Debug|Any CPU.ActiveCfg = Debug|Any CPU
		{AC14A9A7-0F0E-4372-AABC-E290775BE88E}.Debug|Any CPU.Build.0 = Debug|Any CPU
		{AC14A9A7-0F0E-4372-AABC-E290775BE88E}.Release|Any CPU.ActiveCfg = Release|Any CPU
		{AC14A9A7-0F0E-4372-AABC-E290775BE88E}.Release|Any CPU.Build.0 = Release|Any CPU
		{89557653-719B-4737-B62F-73421DAE2717}.Debug|Any CPU.ActiveCfg = Debug|Any CPU
		{89557653-719B-4737-B62F-73421DAE2717}.Debug|Any CPU.Build.0 = Debug|Any CPU
		{89557653-719B-4737-B62F-73421DAE2717}.Release|Any CPU.ActiveCfg = Release|Any CPU
		{89557653-719B-4737-B62F-73421DAE2717}.Release|Any CPU.Build.0 = Release|Any CPU
		{FF929DAB-63AA-4BDE-84ED-8828EB68ED98}.Debug|Any CPU.ActiveCfg = Debug|Any CPU
		{FF929DAB-63AA-4BDE-84ED-8828EB68ED98}.Debug|Any CPU.Build.0 = Debug|Any CPU
		{FF929DAB-63AA-4BDE-84ED-8828EB68ED98}.Release|Any CPU.ActiveCfg = Release|Any CPU
		{FF929DAB-63AA-4BDE-84ED-8828EB68ED98}.Release|Any CPU.Build.0 = Release|Any CPU
	EndGlobalSection
	GlobalSection(SolutionProperties) = preSolution
		HideSolutionNode = FALSE
	EndGlobalSection
	GlobalSection(ExtensibilityGlobals) = postSolution
		SolutionGuid = {F100F4A5-75DC-4E6D-ADEA-C855403EC97F}
	EndGlobalSection
EndGlobal
